
Microsoft Visual Studio Solution File, Format Version 12.00
# Visual Studio Version 16
VisualStudioVersion = 16.0.30011.22
MinimumVisualStudioVersion = 10.0.40219.1
Project("{FAE04EC0-301F-11D3-BF4B-00C04F79EFBC}") = "Calculadora", "Calculadora\Calculadora.csproj", "{0C23BC82-9415-4C21-B95B-7B632A5E1B9E}"
EndProject
Global
	GlobalSection(SolutionConfigurationPlatforms) = preSolution
		Debug|Any CPU = Debug|Any CPU
		Release|Any CPU = Release|Any CPU
	EndGlobalSection
	GlobalSection(ProjectConfigurationPlatforms) = postSolution
		{0C23BC82-9415-4C21-B95B-7B632A5E1B9E}.Debug|Any CPU.ActiveCfg = Debug|Any CPU
		{0C23BC82-9415-4C21-B95B-7B632A5E1B9E}.Debug|Any CPU.Build.0 = Debug|Any CPU
		{0C23BC82-9415-4C21-B95B-7B632A5E1B9E}.Release|Any CPU.ActiveCfg = Release|Any CPU
		{0C23BC82-9415-4C21-B95B-7B632A5E1B9E}.Release|Any CPU.Build.0 = Release|Any CPU
	EndGlobalSection
	GlobalSection(SolutionProperties) = preSolution
		HideSolutionNode = FALSE
	EndGlobalSection
	GlobalSection(ExtensibilityGlobals) = postSolution
		SolutionGuid = {437A4117-C0D2-4904-963E-09E56E0EAF7F}
	EndGlobalSection
EndGlobal
